// !$*UTF8*$!
{
	archiveVersion = 1;
	classes = {
	};
	objectVersion = 50;
	objects = {

/* Begin PBXBuildFile section */
		0033E4EB243E62C400DC0898 /* AppDelegate.swift in Sources */ = {isa = PBXBuildFile; fileRef = 0033E4EA243E62C400DC0898 /* AppDelegate.swift */; };
		0033E4ED243E62C400DC0898 /* SceneDelegate.swift in Sources */ = {isa = PBXBuildFile; fileRef = 0033E4EC243E62C400DC0898 /* SceneDelegate.swift */; };
		0033E4EF243E62C400DC0898 /* ViewController.swift in Sources */ = {isa = PBXBuildFile; fileRef = 0033E4EE243E62C400DC0898 /* ViewController.swift */; };
		0033E4F2243E62C400DC0898 /* Main.storyboard in Resources */ = {isa = PBXBuildFile; fileRef = 0033E4F0243E62C400DC0898 /* Main.storyboard */; };
		0033E4F4243E62C700DC0898 /* Assets.xcassets in Resources */ = {isa = PBXBuildFile; fileRef = 0033E4F3243E62C700DC0898 /* Assets.xcassets */; };
		0033E4F7243E62C700DC0898 /* LaunchScreen.storyboard in Resources */ = {isa = PBXBuildFile; fileRef = 0033E4F5243E62C700DC0898 /* LaunchScreen.storyboard */; };
/* End PBXBuildFile section */

/* Begin PBXFileReference section */
		0033E4E7243E62C400DC0898 /* Magic 8 Phone.app */ = {isa = PBXFileReference; explicitFileType = wrapper.application; includeInIndex = 0; path = "Magic 8 Phone.app"; sourceTree = BUILT_PRODUCTS_DIR; };
		0033E4EA243E62C400DC0898 /* AppDelegate.swift */ = {isa = PBXFileReference; lastKnownFileType = sourcecode.swift; path = AppDelegate.swift; sourceTree = "<group>"; };
		0033E4EC243E62C400DC0898 /* SceneDelegate.swift */ = {isa = PBXFileReference; lastKnownFileType = sourcecode.swift; path = SceneDelegate.swift; sourceTree = "<group>"; };
		0033E4EE243E62C400DC0898 /* ViewController.swift */ = {isa = PBXFileReference; lastKnownFileType = sourcecode.swift; path = ViewController.swift; sourceTree = "<group>"; };
		0033E4F1243E62C400DC0898 /* Base */ = {isa = PBXFileReference; lastKnownFileType = file.storyboard; name = Base; path = Base.lproj/Main.storyboard; sourceTree = "<group>"; };
		0033E4F3243E62C700DC0898 /* Assets.xcassets */ = {isa = PBXFileReference; lastKnownFileType = folder.assetcatalog; path = Assets.xcassets; sourceTree = "<group>"; };
		0033E4F6243E62C700DC0898 /* Base */ = {isa = PBXFileReference; lastKnownFileType = file.storyboard; name = Base; path = Base.lproj/LaunchScreen.storyboard; sourceTree = "<group>"; };
		0033E4F8243E62C700DC0898 /* Info.plist */ = {isa = PBXFileReference; lastKnownFileType = text.plist.xml; path = Info.plist; sourceTree = "<group>"; };
/* End PBXFileReference section */

/* Begin PBXFrameworksBuildPhase section */
		0033E4E4243E62C400DC0898 /* Frameworks */ = {
			isa = PBXFrameworksBuildPhase;
			buildActionMask = 2147483647;
			files = (
			);
			runOnlyForDeploymentPostprocessing = 0;
		};
/* End PBXFrameworksBuildPhase section */

/* Begin PBXGroup section */
		0033E4DE243E62C400DC0898 = {
			isa = PBXGroup;
			children = (
				0033E4E9243E62C400DC0898 /* Magic 8 Phone */,
				0033E4E8243E62C400DC0898 /* Products */,
			);
			sourceTree = "<group>";
		};
		0033E4E8243E62C400DC0898 /* Products */ = {
			isa = PBXGroup;
			children = (
				0033E4E7243E62C400DC0898 /* Magic 8 Phone.app */,
			);
			name = Products;
			sourceTree = "<group>";
		};
		0033E4E9243E62C400DC0898 /* Magic 8 Phone */ = {
			isa = PBXGroup;
			children = (
				0033E4EA243E62C400DC0898 /* AppDelegate.swift */,
				0033E4EC243E62C400DC0898 /* SceneDelegate.swift */,
				0033E4EE243E62C400DC0898 /* ViewController.swift */,
				0033E4F0243E62C400DC0898 /* Main.storyboard */,
				0033E4F3243E62C700DC0898 /* Assets.xcassets */,
				0033E4F5243E62C700DC0898 /* LaunchScreen.storyboard */,
				0033E4F8243E62C700DC0898 /* Info.plist */,
			);
			path = "Magic 8 Phone";
			sourceTree = "<group>";
		};
/* End PBXGroup section */

/* Begin PBXNativeTarget section */
		0033E4E6243E62C400DC0898 /* Magic 8 Phone */ = {
			isa = PBXNativeTarget;
			buildConfigurationList = 0033E4FB243E62C700DC0898 /* Build configuration list for PBXNativeTarget "Magic 8 Phone" */;
			buildPhases = (
				0033E4E3243E62C400DC0898 /* Sources */,
				0033E4E4243E62C400DC0898 /* Frameworks */,
				0033E4E5243E62C400DC0898 /* Resources */,
			);
			buildRules = (
			);
			dependencies = (
			);
			name = "Magic 8 Phone";
			productName = "Magic 8 Phone";
			productReference = 0033E4E7243E62C400DC0898 /* Magic 8 Phone.app */;
			productType = "com.apple.product-type.application";
		};
/* End PBXNativeTarget section */

/* Begin PBXProject section */
		0033E4DF243E62C400DC0898 /* Project object */ = {
			isa = PBXProject;
			attributes = {
				LastSwiftUpdateCheck = 1140;
				LastUpgradeCheck = 1140;
				ORGANIZATIONNAME = BMCC;
				TargetAttributes = {
					0033E4E6243E62C400DC0898 = {
						CreatedOnToolsVersion = 11.4;
					};
				};
			};
			buildConfigurationList = 0033E4E2243E62C400DC0898 /* Build configuration list for PBXProject "Magic 8 Phone" */;
			compatibilityVersion = "Xcode 9.3";
			developmentRegion = en;
			hasScannedForEncodings = 0;
			knownRegions = (
				en,
				Base,
			);
			mainGroup = 0033E4DE243E62C400DC0898;
			productRefGroup = 0033E4E8243E62C400DC0898 /* Products */;
			projectDirPath = "";
			projectRoot = "";
			targets = (
				0033E4E6243E62C400DC0898 /* Magic 8 Phone */,
			);
		};
/* End PBXProject section */

/* Begin PBXResourcesBuildPhase section */
		0033E4E5243E62C400DC0898 /* Resources */ = {
			isa = PBXResourcesBuildPhase;
			buildActionMask = 2147483647;
			files = (
				0033E4F7243E62C700DC0898 /* LaunchScreen.storyboard in Resources */,
				0033E4F4243E62C700DC0898 /* Assets.xcassets in Resources */,
				0033E4F2243E62C400DC0898 /* Main.storyboard in Resources */,
			);
			runOnlyForDeploymentPostprocessing = 0;
		};
/* End PBXResourcesBuildPhase section */

/* Begin PBXSourcesBuildPhase section */
		0033E4E3243E62C400DC0898 /* Sources */ = {
			isa = PBXSourcesBuildPhase;
			buildActionMask = 2147483647;
			files = (
				0033E4EF243E62C400DC0898 /* ViewController.swift in Sources */,
				0033E4EB243E62C400DC0898 /* AppDelegate.swift in Sources */,
				0033E4ED243E62C400DC0898 /* SceneDelegate.swift in Sources */,
			);
			runOnlyForDeploymentPostprocessing = 0;
		};
/* End PBXSourcesBuildPhase section */

/* Begin PBXVariantGroup section */
		0033E4F0243E62C400DC0898 /* Main.storyboard */ = {
			isa = PBXVariantGroup;
			children = (
				0033E4F1243E62C400DC0898 /* Base */,
			);
			name = Main.storyboard;
			sourceTree = "<group>";
		};
		0033E4F5243E62C700DC0898 /* LaunchScreen.storyboard */ = {
			isa = PBXVariantGroup;
			children = (
				0033E4F6243E62C700DC0898 /* Base */,
			);
			name = LaunchScreen.storyboard;
			sourceTree = "<group>";
		};
/* End PBXVariantGroup section */

/* Begin XCBuildConfiguration section */
		0033E4F9243E62C700DC0898 /* Debug */ = {
			isa = XCBuildConfiguration;
			buildSettings = {
				ALWAYS_SEARCH_USER_PATHS = NO;
				CLANG_ANALYZER_NONNULL = YES;
				CLANG_ANALYZER_NUMBER_OBJECT_CONVERSION = YES_AGGRESSIVE;
				CLANG_CXX_LANGUAGE_STANDARD = "gnu++14";
				CLANG_CXX_LIBRARY = "libc++";
				CLANG_ENABLE_MODULES = YES;
				CLANG_ENABLE_OBJC_ARC = YES;
				CLANG_ENABLE_OBJC_WEAK = YES;
				CLANG_WARN_BLOCK_CAPTURE_AUTORELEASING = YES;
				CLANG_WARN_BOOL_CONVERSION = YES;
				CLANG_WARN_COMMA = YES;
				CLANG_WARN_CONSTANT_CONVERSION = YES;
				CLANG_WARN_DEPRECATED_OBJC_IMPLEMENTATIONS = YES;
				CLANG_WARN_DIRECT_OBJC_ISA_USAGE = YES_ERROR;
				CLANG_WARN_DOCUMENTATION_COMMENTS = YES;
				CLANG_WARN_EMPTY_BODY = YES;
				CLANG_WARN_ENUM_CONVERSION = YES;
				CLANG_WARN_INFINITE_RECURSION = YES;
				CLANG_WARN_INT_CONVERSION = YES;
				CLANG_WARN_NON_LITERAL_NULL_CONVERSION = YES;
				CLANG_WARN_OBJC_IMPLICIT_RETAIN_SELF = YES;
				CLANG_WARN_OBJC_LITERAL_CONVERSION = YES;
				CLANG_WARN_OBJC_ROOT_CLASS = YES_ERROR;
				CLANG_WARN_RANGE_LOOP_ANALYSIS = YES;
				CLANG_WARN_STRICT_PROTOTYPES = YES;
				CLANG_WARN_SUSPICIOUS_MOVE = YES;
				CLANG_WARN_UNGUARDED_AVAILABILITY = YES_AGGRESSIVE;
				CLANG_WARN_UNREACHABLE_CODE = YES;
				CLANG_WARN__DUPLICATE_METHOD_MATCH = YES;
				COPY_PHASE_STRIP = NO;
				DEBUG_INFORMATION_FORMAT = dwarf;
				ENABLE_STRICT_OBJC_MSGSEND = YES;
				ENABLE_TESTABILITY = YES;
				GCC_C_LANGUAGE_STANDARD = gnu11;
				GCC_DYNAMIC_NO_PIC = NO;
				GCC_NO_COMMON_BLOCKS = YES;
				GCC_OPTIMIZATION_LEVEL = 0;
				GCC_PREPROCESSOR_DEFINITIONS = (
					"DEBUG=1",
					"$(inherited)",
				);
				GCC_WARN_64_TO_32_BIT_CONVERSION = YES;
				GCC_WARN_ABOUT_RETURN_TYPE = YES_ERROR;
				GCC_WARN_UNDECLARED_SELECTOR = YES;
				GCC_WARN_UNINITIALIZED_AUTOS = YES_AGGRESSIVE;
				GCC_WARN_UNUSED_FUNCTION = YES;
				GCC_WARN_UNUSED_VARIABLE = YES;
				IPHONEOS_DEPLOYMENT_TARGET = 13.4;
				MTL_ENABLE_DEBUG_INFO = INCLUDE_SOURCE;
				MTL_FAST_MATH = YES;
				ONLY_ACTIVE_ARCH = YES;
				SDKROOT = iphoneos;
				SWIFT_ACTIVE_COMPILATION_CONDITIONS = DEBUG;
				SWIFT_OPTIMIZATION_LEVEL = "-Onone";
			};
			name = Debug;
		};
		0033E4FA243E62C700DC0898 /* Release */ = {
			isa = XCBuildConfiguration;
			buildSettings = {
				ALWAYS_SEARCH_USER_PATHS = NO;
				CLANG_ANALYZER_NONNULL = YES;
				CLANG_ANALYZER_NUMBER_OBJECT_CONVERSION = YES_AGGRESSIVE;
				CLANG_CXX_LANGUAGE_STANDARD = "gnu++14";
				CLANG_CXX_LIBRARY = "libc++";
				CLANG_ENABLE_MODULES = YES;
				CLANG_ENABLE_OBJC_ARC = YES;
				CLANG_ENABLE_OBJC_WEAK = YES;
				CLANG_WARN_BLOCK_CAPTURE_AUTORELEASING = YES;
				CLANG_WARN_BOOL_CONVERSION = YES;
				CLANG_WARN_COMMA = YES;
				CLANG_WARN_CONSTANT_CONVERSION = YES;
				CLANG_WARN_DEPRECATED_OBJC_IMPLEMENTATIONS = YES;
				CLANG_WARN_DIRECT_OBJC_ISA_USAGE = YES_ERROR;
				CLANG_WARN_DOCUMENTATION_COMMENTS = YES;
				CLANG_WARN_EMPTY_BODY = YES;
				CLANG_WARN_ENUM_CONVERSION = YES;
				CLANG_WARN_INFINITE_RECURSION = YES;
				CLANG_WARN_INT_CONVERSION = YES;
				CLANG_WARN_NON_LITERAL_NULL_CONVERSION = YES;
				CLANG_WARN_OBJC_IMPLICIT_RETAIN_SELF = YES;
				CLANG_WARN_OBJC_LITERAL_CONVERSION = YES;
				CLANG_WARN_OBJC_ROOT_CLASS = YES_ERROR;
				CLANG_WARN_RANGE_LOOP_ANALYSIS = YES;
				CLANG_WARN_STRICT_PROTOTYPES = YES;
				CLANG_WARN_SUSPICIOUS_MOVE = YES;
				CLANG_WARN_UNGUARDED_AVAILABILITY = YES_AGGRESSIVE;
				CLANG_WARN_UNREACHABLE_CODE = YES;
				CLANG_WARN__DUPLICATE_METHOD_MATCH = YES;
				COPY_PHASE_STRIP = NO;
				DEBUG_INFORMATION_FORMAT = "dwarf-with-dsym";
				ENABLE_NS_ASSERTIONS = NO;
				ENABLE_STRICT_OBJC_MSGSEND = YES;
				GCC_C_LANGUAGE_STANDARD = gnu11;
				GCC_NO_COMMON_BLOCKS = YES;
				GCC_WARN_64_TO_32_BIT_CONVERSION = YES;
				GCC_WARN_ABOUT_RETURN_TYPE = YES_ERROR;
				GCC_WARN_UNDECLARED_SELECTOR = YES;
				GCC_WARN_UNINITIALIZED_AUTOS = YES_AGGRESSIVE;
				GCC_WARN_UNUSED_FUNCTION = YES;
				GCC_WARN_UNUSED_VARIABLE = YES;
				IPHONEOS_DEPLOYMENT_TARGET = 13.4;
				MTL_ENABLE_DEBUG_INFO = NO;
				MTL_FAST_MATH = YES;
				SDKROOT = iphoneos;
				SWIFT_COMPILATION_MODE = wholemodule;
				SWIFT_OPTIMIZATION_LEVEL = "-O";
				VALIDATE_PRODUCT = YES;
			};
			name = Release;
		};
		0033E4FC243E62C700DC0898 /* Debug */ = {
			isa = XCBuildConfiguration;
			buildSettings = {
				ASSETCATALOG_COMPILER_APPICON_NAME = AppIcon;
				CODE_SIGN_STYLE = Automatic;
				DEVELOPMENT_TEAM = UH2SK354J5;
				INFOPLIST_FILE = "Magic 8 Phone/Info.plist";
				LD_RUNPATH_SEARCH_PATHS = (
					"$(inherited)",
					"@executable_path/Frameworks",
				);
				PRODUCT_BUNDLE_IDENTIFIER = "edu.cuny.bmcc.Magic-8-Phone";
				PRODUCT_NAME = "$(TARGET_NAME)";
				SWIFT_VERSION = 5.0;
				TARGETED_DEVICE_FAMILY = "1,2";
			};
			name = Debug;
		};
		0033E4FD243E62C700DC0898 /* Release */ = {
			isa = XCBuildConfiguration;
			buildSettings = {
				ASSETCATALOG_COMPILER_APPICON_NAME = AppIcon;
				CODE_SIGN_STYLE = Automatic;
				DEVELOPMENT_TEAM = UH2SK354J5;
				INFOPLIST_FILE = "Magic 8 Phone/Info.plist";
				LD_RUNPATH_SEARCH_PATHS = (
					"$(inherited)",
					"@executable_path/Frameworks",
				);
				PRODUCT_BUNDLE_IDENTIFIER = "edu.cuny.bmcc.Magic-8-Phone";
				PRODUCT_NAME = "$(TARGET_NAME)";
				SWIFT_VERSION = 5.0;
				TARGETED_DEVICE_FAMILY = "1,2";
			};
			name = Release;
		};
/* End XCBuildConfiguration section */

/* Begin XCConfigurationList section */
		0033E4E2243E62C400DC0898 /* Build configuration list for PBXProject "Magic 8 Phone" */ = {
			isa = XCConfigurationList;
			buildConfigurations = (
				0033E4F9243E62C700DC0898 /* Debug */,
				0033E4FA243E62C700DC0898 /* Release */,
			);
			defaultConfigurationIsVisible = 0;
			defaultConfigurationName = Release;
		};
		0033E4FB243E62C700DC0898 /* Build configuration list for PBXNativeTarget "Magic 8 Phone" */ = {
			isa = XCConfigurationList;
			buildConfigurations = (
				0033E4FC243E62C700DC0898 /* Debug */,
				0033E4FD243E62C700DC0898 /* Release */,
			);
			defaultConfigurationIsVisible = 0;
			defaultConfigurationName = Release;
		};
/* End XCConfigurationList section */
	};
	rootObject = 0033E4DF243E62C400DC0898 /* Project object */;
}
